
Microsoft Visual Studio Solution File, Format Version 12.00
# Visual Studio Version 17
VisualStudioVersion = 17.9.34701.34
MinimumVisualStudioVersion = 10.0.40219.1
Project("{9A19103F-16F7-4668-BE54-9A1E7A4F7556}") = "OrmLesson1", "OrmLesson1\OrmLesson1.csproj", "{8442EC97-B8FC-4AFC-974E-556620A54D8D}"
EndProject
Project("{9A19103F-16F7-4668-BE54-9A1E7A4F7556}") = "DbFirstAndCodeFirst", "DbFirstAndCodeFirst\DbFirstAndCodeFirst.csproj", "{66B0B9ED-94A1-4199-B5A9-4562A7F44D5C}"
EndProject
Project("{9A19103F-16F7-4668-BE54-9A1E7A4F7556}") = "PersistingTheData", "PersistingTheData\PersistingTheData.csproj", "{90EAB2B2-B41C-4521-8D03-32750E02DCAD}"
EndProject
Project("{9A19103F-16F7-4668-BE54-9A1E7A4F7556}") = "Querying", "Querying\Querying.csproj", "{86F47E26-7772-406E-B20A-B0EEE4207A96}"
EndProject
Project("{9A19103F-16F7-4668-BE54-9A1E7A4F7556}") = "ChangeTracker", "ChangeTracker\ChangeTracker.csproj", "{E1380684-A277-49EB-82D8-4A3D69788432}"
EndProject
Project("{9A19103F-16F7-4668-BE54-9A1E7A4F7556}") = "Tracking", "Tracking\Tracking.csproj", "{DC337188-3DB1-43A6-8423-67AB21F7AEE9}"
EndProject
Project("{9A19103F-16F7-4668-BE54-9A1E7A4F7556}") = "One_To_OneRelationships", "Relationships\One_To_OneRelationships.csproj", "{170EE5BB-563D-407C-B1CA-A0B8DDC68F08}"
EndProject
Project("{9A19103F-16F7-4668-BE54-9A1E7A4F7556}") = "One_To_Many_Relationships", "One_To_Many_Relationships\One_To_Many_Relationships.csproj", "{9A22E536-993B-473E-A0B6-3D564D468186}"
EndProject
Project("{9A19103F-16F7-4668-BE54-9A1E7A4F7556}") = "Many_To_Many_Relationships", "Many_To_Many_Relationships\Many_To_Many_Relationships.csproj", "{738A49A1-668D-4F58-B80C-1BF9F21091B5}"
EndProject
Project("{9A19103F-16F7-4668-BE54-9A1E7A4F7556}") = "Saving_Related_Data", "Saving_Related_Data\Saving_Related_Data.csproj", "{5692978D-2102-453D-AEBB-88E63F6A48C6}"
EndProject
Project("{9A19103F-16F7-4668-BE54-9A1E7A4F7556}") = "Updating_Related_Data", "Updating_Related_Data\Updating_Related_Data.csproj", "{A68C8EA5-FCF7-4097-9120-EF68B83FD25A}"
EndProject
Project("{9A19103F-16F7-4668-BE54-9A1E7A4F7556}") = "Deleting_Related_Data", "Deleting_Related_Data\Deleting_Related_Data.csproj", "{D7FFC3BA-5F1A-4C9A-9AA5-EAC0A2A73EAE}"
EndProject
Project("{9A19103F-16F7-4668-BE54-9A1E7A4F7556}") = "BackingFields", "BackingFields\BackingFields.csproj", "{646A29A1-187F-4381-93F7-22C41FAB8DCA}"
EndProject
Project("{9A19103F-16F7-4668-BE54-9A1E7A4F7556}") = "ShadowProperties", "ShadowProperties\ShadowProperties.csproj", "{3DE95EC5-FF73-4775-9F9A-1FFA08D9909A}"
EndProject
Project("{9A19103F-16F7-4668-BE54-9A1E7A4F7556}") = "EF_Core_Configuration", "EF_Core_Configuration\EF_Core_Configuration.csproj", "{AE07B16D-3DBC-4DF6-B335-4404148C2E60}"
EndProject
Project("{9A19103F-16F7-4668-BE54-9A1E7A4F7556}") = "Generated_Values", "Generated_Values\Generated_Values.csproj", "{A242A412-A51B-446F-9773-DBF6C479EFFF}"
EndProject
Project("{9A19103F-16F7-4668-BE54-9A1E7A4F7556}") = "Seperate_Configuration_Classes", "Seperate_Configuration_Classes\Seperate_Configuration_Classes.csproj", "{B3424F02-DC44-4F10-A969-9BD508DC6A19}"
EndProject
Project("{FAE04EC0-301F-11D3-BF4B-00C04F79EFBC}") = "Data_Seeding", "Data_Seeding\Data_Seeding.csproj", "{754DA381-8B7A-48BB-BA1B-EF42E6ACD9CD}"
EndProject
Project("{FAE04EC0-301F-11D3-BF4B-00C04F79EFBC}") = "Table_Per_Hierarchy", "Table_Per_Hierarchy\Table_Per_Hierarchy.csproj", "{36900981-F4FD-465B-A911-65D86E3A1121}"
EndProject
Global
	GlobalSection(SolutionConfigurationPlatforms) = preSolution
		Debug|Any CPU = Debug|Any CPU
		Release|Any CPU = Release|Any CPU
	EndGlobalSection
	GlobalSection(ProjectConfigurationPlatforms) = postSolution
		{8442EC97-B8FC-4AFC-974E-556620A54D8D}.Debug|Any CPU.ActiveCfg = Debug|Any CPU
		{8442EC97-B8FC-4AFC-974E-556620A54D8D}.Debug|Any CPU.Build.0 = Debug|Any CPU
		{8442EC97-B8FC-4AFC-974E-556620A54D8D}.Release|Any CPU.ActiveCfg = Release|Any CPU
		{8442EC97-B8FC-4AFC-974E-556620A54D8D}.Release|Any CPU.Build.0 = Release|Any CPU
		{66B0B9ED-94A1-4199-B5A9-4562A7F44D5C}.Debug|Any CPU.ActiveCfg = Debug|Any CPU
		{66B0B9ED-94A1-4199-B5A9-4562A7F44D5C}.Debug|Any CPU.Build.0 = Debug|Any CPU
		{66B0B9ED-94A1-4199-B5A9-4562A7F44D5C}.Release|Any CPU.ActiveCfg = Release|Any CPU
		{66B0B9ED-94A1-4199-B5A9-4562A7F44D5C}.Release|Any CPU.Build.0 = Release|Any CPU
		{90EAB2B2-B41C-4521-8D03-32750E02DCAD}.Debug|Any CPU.ActiveCfg = Debug|Any CPU
		{90EAB2B2-B41C-4521-8D03-32750E02DCAD}.Debug|Any CPU.Build.0 = Debug|Any CPU
		{90EAB2B2-B41C-4521-8D03-32750E02DCAD}.Release|Any CPU.ActiveCfg = Release|Any CPU
		{90EAB2B2-B41C-4521-8D03-32750E02DCAD}.Release|Any CPU.Build.0 = Release|Any CPU
		{86F47E26-7772-406E-B20A-B0EEE4207A96}.Debug|Any CPU.ActiveCfg = Debug|Any CPU
		{86F47E26-7772-406E-B20A-B0EEE4207A96}.Debug|Any CPU.Build.0 = Debug|Any CPU
		{86F47E26-7772-406E-B20A-B0EEE4207A96}.Release|Any CPU.ActiveCfg = Release|Any CPU
		{86F47E26-7772-406E-B20A-B0EEE4207A96}.Release|Any CPU.Build.0 = Release|Any CPU
		{E1380684-A277-49EB-82D8-4A3D69788432}.Debug|Any CPU.ActiveCfg = Debug|Any CPU
		{E1380684-A277-49EB-82D8-4A3D69788432}.Debug|Any CPU.Build.0 = Debug|Any CPU
		{E1380684-A277-49EB-82D8-4A3D69788432}.Release|Any CPU.ActiveCfg = Release|Any CPU
		{E1380684-A277-49EB-82D8-4A3D69788432}.Release|Any CPU.Build.0 = Release|Any CPU
		{DC337188-3DB1-43A6-8423-67AB21F7AEE9}.Debug|Any CPU.ActiveCfg = Debug|Any CPU
		{DC337188-3DB1-43A6-8423-67AB21F7AEE9}.Debug|Any CPU.Build.0 = Debug|Any CPU
		{DC337188-3DB1-43A6-8423-67AB21F7AEE9}.Release|Any CPU.ActiveCfg = Release|Any CPU
		{DC337188-3DB1-43A6-8423-67AB21F7AEE9}.Release|Any CPU.Build.0 = Release|Any CPU
		{170EE5BB-563D-407C-B1CA-A0B8DDC68F08}.Debug|Any CPU.ActiveCfg = Debug|Any CPU
		{170EE5BB-563D-407C-B1CA-A0B8DDC68F08}.Debug|Any CPU.Build.0 = Debug|Any CPU
		{170EE5BB-563D-407C-B1CA-A0B8DDC68F08}.Release|Any CPU.ActiveCfg = Release|Any CPU
		{170EE5BB-563D-407C-B1CA-A0B8DDC68F08}.Release|Any CPU.Build.0 = Release|Any CPU
		{9A22E536-993B-473E-A0B6-3D564D468186}.Debug|Any CPU.ActiveCfg = Debug|Any CPU
		{9A22E536-993B-473E-A0B6-3D564D468186}.Debug|Any CPU.Build.0 = Debug|Any CPU
		{9A22E536-993B-473E-A0B6-3D564D468186}.Release|Any CPU.ActiveCfg = Release|Any CPU
		{9A22E536-993B-473E-A0B6-3D564D468186}.Release|Any CPU.Build.0 = Release|Any CPU
		{738A49A1-668D-4F58-B80C-1BF9F21091B5}.Debug|Any CPU.ActiveCfg = Debug|Any CPU
		{738A49A1-668D-4F58-B80C-1BF9F21091B5}.Debug|Any CPU.Build.0 = Debug|Any CPU
		{738A49A1-668D-4F58-B80C-1BF9F21091B5}.Release|Any CPU.ActiveCfg = Release|Any CPU
		{738A49A1-668D-4F58-B80C-1BF9F21091B5}.Release|Any CPU.Build.0 = Release|Any CPU
		{5692978D-2102-453D-AEBB-88E63F6A48C6}.Debug|Any CPU.ActiveCfg = Debug|Any CPU
		{5692978D-2102-453D-AEBB-88E63F6A48C6}.Debug|Any CPU.Build.0 = Debug|Any CPU
		{5692978D-2102-453D-AEBB-88E63F6A48C6}.Release|Any CPU.ActiveCfg = Release|Any CPU
		{5692978D-2102-453D-AEBB-88E63F6A48C6}.Release|Any CPU.Build.0 = Release|Any CPU
		{A68C8EA5-FCF7-4097-9120-EF68B83FD25A}.Debug|Any CPU.ActiveCfg = Debug|Any CPU
		{A68C8EA5-FCF7-4097-9120-EF68B83FD25A}.Debug|Any CPU.Build.0 = Debug|Any CPU
		{A68C8EA5-FCF7-4097-9120-EF68B83FD25A}.Release|Any CPU.ActiveCfg = Release|Any CPU
		{A68C8EA5-FCF7-4097-9120-EF68B83FD25A}.Release|Any CPU.Build.0 = Release|Any CPU
		{D7FFC3BA-5F1A-4C9A-9AA5-EAC0A2A73EAE}.Debug|Any CPU.ActiveCfg = Debug|Any CPU
		{D7FFC3BA-5F1A-4C9A-9AA5-EAC0A2A73EAE}.Debug|Any CPU.Build.0 = Debug|Any CPU
		{D7FFC3BA-5F1A-4C9A-9AA5-EAC0A2A73EAE}.Release|Any CPU.ActiveCfg = Release|Any CPU
		{D7FFC3BA-5F1A-4C9A-9AA5-EAC0A2A73EAE}.Release|Any CPU.Build.0 = Release|Any CPU
		{646A29A1-187F-4381-93F7-22C41FAB8DCA}.Debug|Any CPU.ActiveCfg = Debug|Any CPU
		{646A29A1-187F-4381-93F7-22C41FAB8DCA}.Debug|Any CPU.Build.0 = Debug|Any CPU
		{646A29A1-187F-4381-93F7-22C41FAB8DCA}.Release|Any CPU.ActiveCfg = Release|Any CPU
		{646A29A1-187F-4381-93F7-22C41FAB8DCA}.Release|Any CPU.Build.0 = Release|Any CPU
		{3DE95EC5-FF73-4775-9F9A-1FFA08D9909A}.Debug|Any CPU.ActiveCfg = Debug|Any CPU
		{3DE95EC5-FF73-4775-9F9A-1FFA08D9909A}.Debug|Any CPU.Build.0 = Debug|Any CPU
		{3DE95EC5-FF73-4775-9F9A-1FFA08D9909A}.Release|Any CPU.ActiveCfg = Release|Any CPU
		{3DE95EC5-FF73-4775-9F9A-1FFA08D9909A}.Release|Any CPU.Build.0 = Release|Any CPU
		{AE07B16D-3DBC-4DF6-B335-4404148C2E60}.Debug|Any CPU.ActiveCfg = Debug|Any CPU
		{AE07B16D-3DBC-4DF6-B335-4404148C2E60}.Debug|Any CPU.Build.0 = Debug|Any CPU
		{AE07B16D-3DBC-4DF6-B335-4404148C2E60}.Release|Any CPU.ActiveCfg = Release|Any CPU
		{AE07B16D-3DBC-4DF6-B335-4404148C2E60}.Release|Any CPU.Build.0 = Release|Any CPU
		{A242A412-A51B-446F-9773-DBF6C479EFFF}.Debug|Any CPU.ActiveCfg = Debug|Any CPU
		{A242A412-A51B-446F-9773-DBF6C479EFFF}.Debug|Any CPU.Build.0 = Debug|Any CPU
		{A242A412-A51B-446F-9773-DBF6C479EFFF}.Release|Any CPU.ActiveCfg = Release|Any CPU
		{A242A412-A51B-446F-9773-DBF6C479EFFF}.Release|Any CPU.Build.0 = Release|Any CPU
		{B3424F02-DC44-4F10-A969-9BD508DC6A19}.Debug|Any CPU.ActiveCfg = Debug|Any CPU
		{B3424F02-DC44-4F10-A969-9BD508DC6A19}.Debug|Any CPU.Build.0 = Debug|Any CPU
		{B3424F02-DC44-4F10-A969-9BD508DC6A19}.Release|Any CPU.ActiveCfg = Release|Any CPU
		{B3424F02-DC44-4F10-A969-9BD508DC6A19}.Release|Any CPU.Build.0 = Release|Any CPU
		{754DA381-8B7A-48BB-BA1B-EF42E6ACD9CD}.Debug|Any CPU.ActiveCfg = Debug|Any CPU
		{754DA381-8B7A-48BB-BA1B-EF42E6ACD9CD}.Debug|Any CPU.Build.0 = Debug|Any CPU
		{754DA381-8B7A-48BB-BA1B-EF42E6ACD9CD}.Release|Any CPU.ActiveCfg = Release|Any CPU
		{754DA381-8B7A-48BB-BA1B-EF42E6ACD9CD}.Release|Any CPU.Build.0 = Release|Any CPU
		{36900981-F4FD-465B-A911-65D86E3A1121}.Debug|Any CPU.ActiveCfg = Debug|Any CPU
		{36900981-F4FD-465B-A911-65D86E3A1121}.Debug|Any CPU.Build.0 = Debug|Any CPU
		{36900981-F4FD-465B-A911-65D86E3A1121}.Release|Any CPU.ActiveCfg = Release|Any CPU
		{36900981-F4FD-465B-A911-65D86E3A1121}.Release|Any CPU.Build.0 = Release|Any CPU
	EndGlobalSection
	GlobalSection(SolutionProperties) = preSolution
		HideSolutionNode = FALSE
	EndGlobalSection
	GlobalSection(ExtensibilityGlobals) = postSolution
		SolutionGuid = {6227CEFA-E13C-4FEF-858E-1E5A65F24E1D}
	EndGlobalSection
EndGlobal
